
Microsoft Visual Studio Solution File, Format Version 12.00
# Visual Studio 2012
Project("{FAE04EC0-301F-11D3-BF4B-00C04F79EFBC}") = "Day9.", "Day9.\Day9..csproj", "{A511E63F-114F-4583-8538-8FB7220ABBBA}"
EndProject
Global
	GlobalSection(SolutionConfigurationPlatforms) = preSolution
		Debug|Any CPU = Debug|Any CPU
		Release|Any CPU = Release|Any CPU
	EndGlobalSection
	GlobalSection(ProjectConfigurationPlatforms) = postSolution
		{A511E63F-114F-4583-8538-8FB7220ABBBA}.Debug|Any CPU.ActiveCfg = Debug|Any CPU
		{A511E63F-114F-4583-8538-8FB7220ABBBA}.Debug|Any CPU.Build.0 = Debug|Any CPU
		{A511E63F-114F-4583-8538-8FB7220ABBBA}.Release|Any CPU.ActiveCfg = Release|Any CPU
		{A511E63F-114F-4583-8538-8FB7220ABBBA}.Release|Any CPU.Build.0 = Release|Any CPU
	EndGlobalSection
EndGlobal
