
Microsoft Visual Studio Solution File, Format Version 12.00
# Visual Studio 2012
Project("{FAE04EC0-301F-11D3-BF4B-00C04F79EFBC}") = "day5", "day5\day5.csproj", "{D98BC8A9-9542-44A2-BD85-6DB56F904DA7}"
EndProject
Global
	GlobalSection(SolutionConfigurationPlatforms) = preSolution
		Debug|Any CPU = Debug|Any CPU
		Release|Any CPU = Release|Any CPU
	EndGlobalSection
	GlobalSection(ProjectConfigurationPlatforms) = postSolution
		{D98BC8A9-9542-44A2-BD85-6DB56F904DA7}.Debug|Any CPU.ActiveCfg = Debug|Any CPU
		{D98BC8A9-9542-44A2-BD85-6DB56F904DA7}.Debug|Any CPU.Build.0 = Debug|Any CPU
		{D98BC8A9-9542-44A2-BD85-6DB56F904DA7}.Release|Any CPU.ActiveCfg = Release|Any CPU
		{D98BC8A9-9542-44A2-BD85-6DB56F904DA7}.Release|Any CPU.Build.0 = Release|Any CPU
	EndGlobalSection
EndGlobal
